// !$*UTF8*$!
{
	archiveVersion = 1;
	classes = {
	};
	objectVersion = 56;
	objects = {

/* Begin PBXBuildFile section */
		464952922C3EECEF00BC8305 /* BudgetViewModel.swift in Sources */ = {isa = PBXBuildFile; fileRef = 464952912C3EECEF00BC8305 /* BudgetViewModel.swift */; };
		4649529A2C3EECFE00BC8305 /* CalculatorSheet.swift in Sources */ = {isa = PBXBuildFile; fileRef = 464952972C3EECFE00BC8305 /* CalculatorSheet.swift */; };
		4649529B2C3EECFE00BC8305 /* HistoryView.swift in Sources */ = {isa = PBXBuildFile; fileRef = 464952982C3EECFE00BC8305 /* HistoryView.swift */; };
		4649529C2C3EECFE00BC8305 /* ExpenseCategoryView.swift in Sources */ = {isa = PBXBuildFile; fileRef = 464952992C3EECFE00BC8305 /* ExpenseCategoryView.swift */; };
		4649529D2C3EECFE00BC8305 /* BudgetingSettingView.swift in Sources */ = {isa = PBXBuildFile; fileRef = 464952962C3EECFE00BC8305 /* BudgetingSettingView.swift */; };
		4649529E2C3EECFE00BC8305 /* TabBarView.swift in Sources */ = {isa = PBXBuildFile; fileRef = 464952952C3EECFE00BC8305 /* TabBarView.swift */; };
		4649529F2C3EECFE00BC8305 /* BudgetView.swift in Sources */ = {isa = PBXBuildFile; fileRef = 464952932C3EECFE00BC8305 /* BudgetView.swift */; };
		464952A02C3EECFE00BC8305 /* UpdateAccountView.swift in Sources */ = {isa = PBXBuildFile; fileRef = 464952942C3EECFE00BC8305 /* UpdateAccountView.swift */; };
		464952A22C3EED0500BC8305 /* Expense.swift in Sources */ = {isa = PBXBuildFile; fileRef = 464952A12C3EED0500BC8305 /* Expense.swift */; };
		464952A42C3EF54400BC8305 /* IncomeView.swift in Sources */ = {isa = PBXBuildFile; fileRef = 464952A32C3EF54400BC8305 /* IncomeView.swift */; };
		464952A72C3EF59100BC8305 /* Rounded.swift in Sources */ = {isa = PBXBuildFile; fileRef = 464952A62C3EF59100BC8305 /* Rounded.swift */; };
		464952A92C3EFFB000BC8305 /* Income.swift in Sources */ = {isa = PBXBuildFile; fileRef = 464952A82C3EFFB000BC8305 /* Income.swift */; };
		464952AB2C3F011100BC8305 /* IncomeViewModel.swift in Sources */ = {isa = PBXBuildFile; fileRef = 464952AA2C3F011100BC8305 /* IncomeViewModel.swift */; };
		464952AD2C3F0E9B00BC8305 /* Color.swift in Sources */ = {isa = PBXBuildFile; fileRef = 464952AC2C3F0E9B00BC8305 /* Color.swift */; };
		464952AF2C3F0EDC00BC8305 /* BudgetCategory.swift in Sources */ = {isa = PBXBuildFile; fileRef = 464952AE2C3F0EDC00BC8305 /* BudgetCategory.swift */; };
		71507E262C3E1657003D043C /* BudgetingCalculatorApp.swift in Sources */ = {isa = PBXBuildFile; fileRef = 71507E252C3E1657003D043C /* BudgetingCalculatorApp.swift */; };
		71507E282C3E1657003D043C /* ContentView.swift in Sources */ = {isa = PBXBuildFile; fileRef = 71507E272C3E1657003D043C /* ContentView.swift */; };
		71507E2A2C3E1659003D043C /* Assets.xcassets in Resources */ = {isa = PBXBuildFile; fileRef = 71507E292C3E1659003D043C /* Assets.xcassets */; };
		71507E2D2C3E1659003D043C /* Preview Assets.xcassets in Resources */ = {isa = PBXBuildFile; fileRef = 71507E2C2C3E1659003D043C /* Preview Assets.xcassets */; };
		71507E342C3E16B7003D043C /* CalcView.swift in Sources */ = {isa = PBXBuildFile; fileRef = 71507E332C3E16B7003D043C /* CalcView.swift */; };
		C2300CBB2C3FCE1700AD5D52 /* SwiftDataService.swift in Sources */ = {isa = PBXBuildFile; fileRef = C2300CBA2C3FCE1700AD5D52 /* SwiftDataService.swift */; };
		C29C838C2C3FD2F200215D31 /* ExpenseCategoriesView.swift in Sources */ = {isa = PBXBuildFile; fileRef = C29C838B2C3FD2F200215D31 /* ExpenseCategoriesView.swift */; };
		C29C838E2C3FD44C00215D31 /* AccountBalanceView.swift in Sources */ = {isa = PBXBuildFile; fileRef = C29C838D2C3FD44C00215D31 /* AccountBalanceView.swift */; };
		C2A5EA172C3FF3AF00F0CC42 /* EditBalanceView.swift in Sources */ = {isa = PBXBuildFile; fileRef = C2A5EA162C3FF3AF00F0CC42 /* EditBalanceView.swift */; };
		C2A5EA192C3FF7A500F0CC42 /* Balance.swift in Sources */ = {isa = PBXBuildFile; fileRef = C2A5EA182C3FF7A500F0CC42 /* Balance.swift */; };
/* End PBXBuildFile section */

/* Begin PBXFileReference section */
		464952912C3EECEF00BC8305 /* BudgetViewModel.swift */ = {isa = PBXFileReference; lastKnownFileType = sourcecode.swift; path = BudgetViewModel.swift; sourceTree = "<group>"; };
		464952932C3EECFE00BC8305 /* BudgetView.swift */ = {isa = PBXFileReference; lastKnownFileType = sourcecode.swift; path = BudgetView.swift; sourceTree = "<group>"; };
		464952942C3EECFE00BC8305 /* UpdateAccountView.swift */ = {isa = PBXFileReference; lastKnownFileType = sourcecode.swift; path = UpdateAccountView.swift; sourceTree = "<group>"; };
		464952952C3EECFE00BC8305 /* TabBarView.swift */ = {isa = PBXFileReference; lastKnownFileType = sourcecode.swift; path = TabBarView.swift; sourceTree = "<group>"; };
		464952962C3EECFE00BC8305 /* BudgetingSettingView.swift */ = {isa = PBXFileReference; lastKnownFileType = sourcecode.swift; path = BudgetingSettingView.swift; sourceTree = "<group>"; };
		464952972C3EECFE00BC8305 /* CalculatorSheet.swift */ = {isa = PBXFileReference; lastKnownFileType = sourcecode.swift; path = CalculatorSheet.swift; sourceTree = "<group>"; };
		464952982C3EECFE00BC8305 /* HistoryView.swift */ = {isa = PBXFileReference; lastKnownFileType = sourcecode.swift; path = HistoryView.swift; sourceTree = "<group>"; };
		464952992C3EECFE00BC8305 /* ExpenseCategoryView.swift */ = {isa = PBXFileReference; lastKnownFileType = sourcecode.swift; path = ExpenseCategoryView.swift; sourceTree = "<group>"; };
		464952A12C3EED0500BC8305 /* Expense.swift */ = {isa = PBXFileReference; lastKnownFileType = sourcecode.swift; path = Expense.swift; sourceTree = "<group>"; };
		464952A32C3EF54400BC8305 /* IncomeView.swift */ = {isa = PBXFileReference; lastKnownFileType = sourcecode.swift; path = IncomeView.swift; sourceTree = "<group>"; };
		464952A62C3EF59100BC8305 /* Rounded.swift */ = {isa = PBXFileReference; lastKnownFileType = sourcecode.swift; path = Rounded.swift; sourceTree = "<group>"; };
		464952A82C3EFFB000BC8305 /* Income.swift */ = {isa = PBXFileReference; lastKnownFileType = sourcecode.swift; path = Income.swift; sourceTree = "<group>"; };
		464952AA2C3F011100BC8305 /* IncomeViewModel.swift */ = {isa = PBXFileReference; lastKnownFileType = sourcecode.swift; path = IncomeViewModel.swift; sourceTree = "<group>"; };
		464952AC2C3F0E9B00BC8305 /* Color.swift */ = {isa = PBXFileReference; lastKnownFileType = sourcecode.swift; path = Color.swift; sourceTree = "<group>"; };
		464952AE2C3F0EDC00BC8305 /* BudgetCategory.swift */ = {isa = PBXFileReference; lastKnownFileType = sourcecode.swift; path = BudgetCategory.swift; sourceTree = "<group>"; };
		71507E222C3E1657003D043C /* BudgetingCalculator.app */ = {isa = PBXFileReference; explicitFileType = wrapper.application; includeInIndex = 0; path = BudgetingCalculator.app; sourceTree = BUILT_PRODUCTS_DIR; };
		71507E252C3E1657003D043C /* BudgetingCalculatorApp.swift */ = {isa = PBXFileReference; lastKnownFileType = sourcecode.swift; path = BudgetingCalculatorApp.swift; sourceTree = "<group>"; };
		71507E272C3E1657003D043C /* ContentView.swift */ = {isa = PBXFileReference; lastKnownFileType = sourcecode.swift; path = ContentView.swift; sourceTree = "<group>"; };
		71507E292C3E1659003D043C /* Assets.xcassets */ = {isa = PBXFileReference; lastKnownFileType = folder.assetcatalog; path = Assets.xcassets; sourceTree = "<group>"; };
		71507E2C2C3E1659003D043C /* Preview Assets.xcassets */ = {isa = PBXFileReference; lastKnownFileType = folder.assetcatalog; path = "Preview Assets.xcassets"; sourceTree = "<group>"; };
		71507E332C3E16B7003D043C /* CalcView.swift */ = {isa = PBXFileReference; lastKnownFileType = sourcecode.swift; path = CalcView.swift; sourceTree = "<group>"; };
		C2300CBA2C3FCE1700AD5D52 /* SwiftDataService.swift */ = {isa = PBXFileReference; lastKnownFileType = sourcecode.swift; path = SwiftDataService.swift; sourceTree = "<group>"; };
		C29C838B2C3FD2F200215D31 /* ExpenseCategoriesView.swift */ = {isa = PBXFileReference; lastKnownFileType = sourcecode.swift; path = ExpenseCategoriesView.swift; sourceTree = "<group>"; };
		C29C838D2C3FD44C00215D31 /* AccountBalanceView.swift */ = {isa = PBXFileReference; lastKnownFileType = sourcecode.swift; path = AccountBalanceView.swift; sourceTree = "<group>"; };
		C2A5EA162C3FF3AF00F0CC42 /* EditBalanceView.swift */ = {isa = PBXFileReference; lastKnownFileType = sourcecode.swift; path = EditBalanceView.swift; sourceTree = "<group>"; };
		C2A5EA182C3FF7A500F0CC42 /* Balance.swift */ = {isa = PBXFileReference; lastKnownFileType = sourcecode.swift; path = Balance.swift; sourceTree = "<group>"; };
/* End PBXFileReference section */

/* Begin PBXFrameworksBuildPhase section */
		71507E1F2C3E1657003D043C /* Frameworks */ = {
			isa = PBXFrameworksBuildPhase;
			buildActionMask = 2147483647;
			files = (
			);
			runOnlyForDeploymentPostprocessing = 0;
		};
/* End PBXFrameworksBuildPhase section */

/* Begin PBXGroup section */
		4649528E2C3EEC9D00BC8305 /* Model */ = {
			isa = PBXGroup;
			children = (
				C2A5EA182C3FF7A500F0CC42 /* Balance.swift */,
				464952AE2C3F0EDC00BC8305 /* BudgetCategory.swift */,
				464952A12C3EED0500BC8305 /* Expense.swift */,
				464952A82C3EFFB000BC8305 /* Income.swift */,
			);
			path = Model;
			sourceTree = "<group>";
		};
		4649528F2C3EECA300BC8305 /* ViewModel */ = {
			isa = PBXGroup;
			children = (
				464952912C3EECEF00BC8305 /* BudgetViewModel.swift */,
				464952AA2C3F011100BC8305 /* IncomeViewModel.swift */,
			);
			path = ViewModel;
			sourceTree = "<group>";
		};
		464952902C3EECD300BC8305 /* View */ = {
			isa = PBXGroup;
			children = (
				C2300CBC2C3FD23200AD5D52 /* Dashboard */,
				464952962C3EECFE00BC8305 /* BudgetingSettingView.swift */,
				71507E332C3E16B7003D043C /* CalcView.swift */,
				464952972C3EECFE00BC8305 /* CalculatorSheet.swift */,
				71507E272C3E1657003D043C /* ContentView.swift */,
				C2A5EA162C3FF3AF00F0CC42 /* EditBalanceView.swift */,
				464952982C3EECFE00BC8305 /* HistoryView.swift */,
				464952A32C3EF54400BC8305 /* IncomeView.swift */,
				464952952C3EECFE00BC8305 /* TabBarView.swift */,
				464952942C3EECFE00BC8305 /* UpdateAccountView.swift */,
			);
			path = View;
			sourceTree = "<group>";
		};
		464952A52C3EF58500BC8305 /* Extensions */ = {
			isa = PBXGroup;
			children = (
				464952A62C3EF59100BC8305 /* Rounded.swift */,
				464952AC2C3F0E9B00BC8305 /* Color.swift */,
			);
			path = Extensions;
			sourceTree = "<group>";
		};
		71507E192C3E1657003D043C = {
			isa = PBXGroup;
			children = (
				71507E242C3E1657003D043C /* BudgetingCalculator */,
				71507E232C3E1657003D043C /* Products */,
			);
			sourceTree = "<group>";
		};
		71507E232C3E1657003D043C /* Products */ = {
			isa = PBXGroup;
			children = (
				71507E222C3E1657003D043C /* BudgetingCalculator.app */,
			);
			name = Products;
			sourceTree = "<group>";
		};
		71507E242C3E1657003D043C /* BudgetingCalculator */ = {
			isa = PBXGroup;
			children = (
				C2300CB92C3FCE0A00AD5D52 /* Service */,
				464952A52C3EF58500BC8305 /* Extensions */,
				4649528E2C3EEC9D00BC8305 /* Model */,
				464952902C3EECD300BC8305 /* View */,
				4649528F2C3EECA300BC8305 /* ViewModel */,
				71507E252C3E1657003D043C /* BudgetingCalculatorApp.swift */,
				71507E292C3E1659003D043C /* Assets.xcassets */,
				71507E2B2C3E1659003D043C /* Preview Content */,
			);
			path = BudgetingCalculator;
			sourceTree = "<group>";
		};
		71507E2B2C3E1659003D043C /* Preview Content */ = {
			isa = PBXGroup;
			children = (
				71507E2C2C3E1659003D043C /* Preview Assets.xcassets */,
			);
			path = "Preview Content";
			sourceTree = "<group>";
		};
		C2300CB92C3FCE0A00AD5D52 /* Service */ = {
			isa = PBXGroup;
			children = (
				C2300CBA2C3FCE1700AD5D52 /* SwiftDataService.swift */,
			);
			path = Service;
			sourceTree = "<group>";
		};
		C2300CBC2C3FD23200AD5D52 /* Dashboard */ = {
			isa = PBXGroup;
			children = (
				C29C838D2C3FD44C00215D31 /* AccountBalanceView.swift */,
				464952932C3EECFE00BC8305 /* BudgetView.swift */,
				C29C838B2C3FD2F200215D31 /* ExpenseCategoriesView.swift */,
				464952992C3EECFE00BC8305 /* ExpenseCategoryView.swift */,
			);
			path = Dashboard;
			sourceTree = "<group>";
		};
/* End PBXGroup section */

/* Begin PBXNativeTarget section */
		71507E212C3E1657003D043C /* BudgetingCalculator */ = {
			isa = PBXNativeTarget;
			buildConfigurationList = 71507E302C3E1659003D043C /* Build configuration list for PBXNativeTarget "BudgetingCalculator" */;
			buildPhases = (
				71507E1E2C3E1657003D043C /* Sources */,
				71507E1F2C3E1657003D043C /* Frameworks */,
				71507E202C3E1657003D043C /* Resources */,
			);
			buildRules = (
			);
			dependencies = (
			);
			name = BudgetingCalculator;
			productName = BudgetingCalculator;
			productReference = 71507E222C3E1657003D043C /* BudgetingCalculator.app */;
			productType = "com.apple.product-type.application";
		};
/* End PBXNativeTarget section */

/* Begin PBXProject section */
		71507E1A2C3E1657003D043C /* Project object */ = {
			isa = PBXProject;
			attributes = {
				BuildIndependentTargetsInParallel = 1;
				LastSwiftUpdateCheck = 1530;
				LastUpgradeCheck = 1530;
				TargetAttributes = {
					71507E212C3E1657003D043C = {
						CreatedOnToolsVersion = 15.3;
					};
				};
			};
			buildConfigurationList = 71507E1D2C3E1657003D043C /* Build configuration list for PBXProject "BudgetingCalculator" */;
			compatibilityVersion = "Xcode 14.0";
			developmentRegion = en;
			hasScannedForEncodings = 0;
			knownRegions = (
				en,
				Base,
			);
			mainGroup = 71507E192C3E1657003D043C;
			productRefGroup = 71507E232C3E1657003D043C /* Products */;
			projectDirPath = "";
			projectRoot = "";
			targets = (
				71507E212C3E1657003D043C /* BudgetingCalculator */,
			);
		};
/* End PBXProject section */

/* Begin PBXResourcesBuildPhase section */
		71507E202C3E1657003D043C /* Resources */ = {
			isa = PBXResourcesBuildPhase;
			buildActionMask = 2147483647;
			files = (
				71507E2D2C3E1659003D043C /* Preview Assets.xcassets in Resources */,
				71507E2A2C3E1659003D043C /* Assets.xcassets in Resources */,
			);
			runOnlyForDeploymentPostprocessing = 0;
		};
/* End PBXResourcesBuildPhase section */

/* Begin PBXSourcesBuildPhase section */
		71507E1E2C3E1657003D043C /* Sources */ = {
			isa = PBXSourcesBuildPhase;
			buildActionMask = 2147483647;
			files = (
				71507E282C3E1657003D043C /* ContentView.swift in Sources */,
				464952A22C3EED0500BC8305 /* Expense.swift in Sources */,
				71507E262C3E1657003D043C /* BudgetingCalculatorApp.swift in Sources */,
				4649529A2C3EECFE00BC8305 /* CalculatorSheet.swift in Sources */,
				464952AD2C3F0E9B00BC8305 /* Color.swift in Sources */,
				4649529B2C3EECFE00BC8305 /* HistoryView.swift in Sources */,
				C29C838E2C3FD44C00215D31 /* AccountBalanceView.swift in Sources */,
				C2A5EA192C3FF7A500F0CC42 /* Balance.swift in Sources */,
				464952AF2C3F0EDC00BC8305 /* BudgetCategory.swift in Sources */,
				464952A72C3EF59100BC8305 /* Rounded.swift in Sources */,
				4649529C2C3EECFE00BC8305 /* ExpenseCategoryView.swift in Sources */,
				464952AB2C3F011100BC8305 /* IncomeViewModel.swift in Sources */,
				464952A42C3EF54400BC8305 /* IncomeView.swift in Sources */,
				4649529D2C3EECFE00BC8305 /* BudgetingSettingView.swift in Sources */,
				4649529E2C3EECFE00BC8305 /* TabBarView.swift in Sources */,
				4649529F2C3EECFE00BC8305 /* BudgetView.swift in Sources */,
				464952A02C3EECFE00BC8305 /* UpdateAccountView.swift in Sources */,
				C29C838C2C3FD2F200215D31 /* ExpenseCategoriesView.swift in Sources */,
				71507E342C3E16B7003D043C /* CalcView.swift in Sources */,
				C2300CBB2C3FCE1700AD5D52 /* SwiftDataService.swift in Sources */,
				464952A92C3EFFB000BC8305 /* Income.swift in Sources */,
				C2A5EA172C3FF3AF00F0CC42 /* EditBalanceView.swift in Sources */,
				464952922C3EECEF00BC8305 /* BudgetViewModel.swift in Sources */,
			);
			runOnlyForDeploymentPostprocessing = 0;
		};
/* End PBXSourcesBuildPhase section */

/* Begin XCBuildConfiguration section */
		71507E2E2C3E1659003D043C /* Debug */ = {
			isa = XCBuildConfiguration;
			buildSettings = {
				ALWAYS_SEARCH_USER_PATHS = NO;
				ASSETCATALOG_COMPILER_GENERATE_SWIFT_ASSET_SYMBOL_EXTENSIONS = YES;
				CLANG_ANALYZER_NONNULL = YES;
				CLANG_ANALYZER_NUMBER_OBJECT_CONVERSION = YES_AGGRESSIVE;
				CLANG_CXX_LANGUAGE_STANDARD = "gnu++20";
				CLANG_ENABLE_MODULES = YES;
				CLANG_ENABLE_OBJC_ARC = YES;
				CLANG_ENABLE_OBJC_WEAK = YES;
				CLANG_WARN_BLOCK_CAPTURE_AUTORELEASING = YES;
				CLANG_WARN_BOOL_CONVERSION = YES;
				CLANG_WARN_COMMA = YES;
				CLANG_WARN_CONSTANT_CONVERSION = YES;
				CLANG_WARN_DEPRECATED_OBJC_IMPLEMENTATIONS = YES;
				CLANG_WARN_DIRECT_OBJC_ISA_USAGE = YES_ERROR;
				CLANG_WARN_DOCUMENTATION_COMMENTS = YES;
				CLANG_WARN_EMPTY_BODY = YES;
				CLANG_WARN_ENUM_CONVERSION = YES;
				CLANG_WARN_INFINITE_RECURSION = YES;
				CLANG_WARN_INT_CONVERSION = YES;
				CLANG_WARN_NON_LITERAL_NULL_CONVERSION = YES;
				CLANG_WARN_OBJC_IMPLICIT_RETAIN_SELF = YES;
				CLANG_WARN_OBJC_LITERAL_CONVERSION = YES;
				CLANG_WARN_OBJC_ROOT_CLASS = YES_ERROR;
				CLANG_WARN_QUOTED_INCLUDE_IN_FRAMEWORK_HEADER = YES;
				CLANG_WARN_RANGE_LOOP_ANALYSIS = YES;
				CLANG_WARN_STRICT_PROTOTYPES = YES;
				CLANG_WARN_SUSPICIOUS_MOVE = YES;
				CLANG_WARN_UNGUARDED_AVAILABILITY = YES_AGGRESSIVE;
				CLANG_WARN_UNREACHABLE_CODE = YES;
				CLANG_WARN__DUPLICATE_METHOD_MATCH = YES;
				COPY_PHASE_STRIP = NO;
				DEBUG_INFORMATION_FORMAT = dwarf;
				ENABLE_STRICT_OBJC_MSGSEND = YES;
				ENABLE_TESTABILITY = YES;
				ENABLE_USER_SCRIPT_SANDBOXING = YES;
				GCC_C_LANGUAGE_STANDARD = gnu17;
				GCC_DYNAMIC_NO_PIC = NO;
				GCC_NO_COMMON_BLOCKS = YES;
				GCC_OPTIMIZATION_LEVEL = 0;
				GCC_PREPROCESSOR_DEFINITIONS = (
					"DEBUG=1",
					"$(inherited)",
				);
				GCC_WARN_64_TO_32_BIT_CONVERSION = YES;
				GCC_WARN_ABOUT_RETURN_TYPE = YES_ERROR;
				GCC_WARN_UNDECLARED_SELECTOR = YES;
				GCC_WARN_UNINITIALIZED_AUTOS = YES_AGGRESSIVE;
				GCC_WARN_UNUSED_FUNCTION = YES;
				GCC_WARN_UNUSED_VARIABLE = YES;
				IPHONEOS_DEPLOYMENT_TARGET = 17.4;
				LOCALIZATION_PREFERS_STRING_CATALOGS = YES;
				MTL_ENABLE_DEBUG_INFO = INCLUDE_SOURCE;
				MTL_FAST_MATH = YES;
				ONLY_ACTIVE_ARCH = YES;
				SDKROOT = iphoneos;
				SWIFT_ACTIVE_COMPILATION_CONDITIONS = "DEBUG $(inherited)";
				SWIFT_OPTIMIZATION_LEVEL = "-Onone";
			};
			name = Debug;
		};
		71507E2F2C3E1659003D043C /* Release */ = {
			isa = XCBuildConfiguration;
			buildSettings = {
				ALWAYS_SEARCH_USER_PATHS = NO;
				ASSETCATALOG_COMPILER_GENERATE_SWIFT_ASSET_SYMBOL_EXTENSIONS = YES;
				CLANG_ANALYZER_NONNULL = YES;
				CLANG_ANALYZER_NUMBER_OBJECT_CONVERSION = YES_AGGRESSIVE;
				CLANG_CXX_LANGUAGE_STANDARD = "gnu++20";
				CLANG_ENABLE_MODULES = YES;
				CLANG_ENABLE_OBJC_ARC = YES;
				CLANG_ENABLE_OBJC_WEAK = YES;
				CLANG_WARN_BLOCK_CAPTURE_AUTORELEASING = YES;
				CLANG_WARN_BOOL_CONVERSION = YES;
				CLANG_WARN_COMMA = YES;
				CLANG_WARN_CONSTANT_CONVERSION = YES;
				CLANG_WARN_DEPRECATED_OBJC_IMPLEMENTATIONS = YES;
				CLANG_WARN_DIRECT_OBJC_ISA_USAGE = YES_ERROR;
				CLANG_WARN_DOCUMENTATION_COMMENTS = YES;
				CLANG_WARN_EMPTY_BODY = YES;
				CLANG_WARN_ENUM_CONVERSION = YES;
				CLANG_WARN_INFINITE_RECURSION = YES;
				CLANG_WARN_INT_CONVERSION = YES;
				CLANG_WARN_NON_LITERAL_NULL_CONVERSION = YES;
				CLANG_WARN_OBJC_IMPLICIT_RETAIN_SELF = YES;
				CLANG_WARN_OBJC_LITERAL_CONVERSION = YES;
				CLANG_WARN_OBJC_ROOT_CLASS = YES_ERROR;
				CLANG_WARN_QUOTED_INCLUDE_IN_FRAMEWORK_HEADER = YES;
				CLANG_WARN_RANGE_LOOP_ANALYSIS = YES;
				CLANG_WARN_STRICT_PROTOTYPES = YES;
				CLANG_WARN_SUSPICIOUS_MOVE = YES;
				CLANG_WARN_UNGUARDED_AVAILABILITY = YES_AGGRESSIVE;
				CLANG_WARN_UNREACHABLE_CODE = YES;
				CLANG_WARN__DUPLICATE_METHOD_MATCH = YES;
				COPY_PHASE_STRIP = NO;
				DEBUG_INFORMATION_FORMAT = "dwarf-with-dsym";
				ENABLE_NS_ASSERTIONS = NO;
				ENABLE_STRICT_OBJC_MSGSEND = YES;
				ENABLE_USER_SCRIPT_SANDBOXING = YES;
				GCC_C_LANGUAGE_STANDARD = gnu17;
				GCC_NO_COMMON_BLOCKS = YES;
				GCC_WARN_64_TO_32_BIT_CONVERSION = YES;
				GCC_WARN_ABOUT_RETURN_TYPE = YES_ERROR;
				GCC_WARN_UNDECLARED_SELECTOR = YES;
				GCC_WARN_UNINITIALIZED_AUTOS = YES_AGGRESSIVE;
				GCC_WARN_UNUSED_FUNCTION = YES;
				GCC_WARN_UNUSED_VARIABLE = YES;
				IPHONEOS_DEPLOYMENT_TARGET = 17.4;
				LOCALIZATION_PREFERS_STRING_CATALOGS = YES;
				MTL_ENABLE_DEBUG_INFO = NO;
				MTL_FAST_MATH = YES;
				SDKROOT = iphoneos;
				SWIFT_COMPILATION_MODE = wholemodule;
				VALIDATE_PRODUCT = YES;
			};
			name = Release;
		};
		71507E312C3E1659003D043C /* Debug */ = {
			isa = XCBuildConfiguration;
			buildSettings = {
				ASSETCATALOG_COMPILER_APPICON_NAME = AppIcon;
				ASSETCATALOG_COMPILER_GLOBAL_ACCENT_COLOR_NAME = AccentColor;
				CODE_SIGN_STYLE = Automatic;
				CURRENT_PROJECT_VERSION = 1;
				DEVELOPMENT_ASSET_PATHS = "\"BudgetingCalculator/Preview Content\"";
				DEVELOPMENT_TEAM = 9CXPD89H8W;
				ENABLE_PREVIEWS = YES;
				GENERATE_INFOPLIST_FILE = YES;
				INFOPLIST_KEY_UIApplicationSceneManifest_Generation = YES;
				INFOPLIST_KEY_UIApplicationSupportsIndirectInputEvents = YES;
				INFOPLIST_KEY_UILaunchScreen_Generation = YES;
				INFOPLIST_KEY_UISupportedInterfaceOrientations_iPad = "UIInterfaceOrientationPortrait UIInterfaceOrientationPortraitUpsideDown UIInterfaceOrientationLandscapeLeft UIInterfaceOrientationLandscapeRight";
				INFOPLIST_KEY_UISupportedInterfaceOrientations_iPhone = "UIInterfaceOrientationPortrait UIInterfaceOrientationLandscapeLeft UIInterfaceOrientationLandscapeRight";
				LD_RUNPATH_SEARCH_PATHS = (
					"$(inherited)",
					"@executable_path/Frameworks",
				);
				MARKETING_VERSION = 1.0;
				PRODUCT_BUNDLE_IDENTIFIER = com.orangeone.BudgetingCalculator;
				PRODUCT_NAME = "$(TARGET_NAME)";
				SWIFT_EMIT_LOC_STRINGS = YES;
				SWIFT_VERSION = 5.0;
				TARGETED_DEVICE_FAMILY = "1,2";
			};
			name = Debug;
		};
		71507E322C3E1659003D043C /* Release */ = {
			isa = XCBuildConfiguration;
			buildSettings = {
				ASSETCATALOG_COMPILER_APPICON_NAME = AppIcon;
				ASSETCATALOG_COMPILER_GLOBAL_ACCENT_COLOR_NAME = AccentColor;
				CODE_SIGN_STYLE = Automatic;
				CURRENT_PROJECT_VERSION = 1;
				DEVELOPMENT_ASSET_PATHS = "\"BudgetingCalculator/Preview Content\"";
				DEVELOPMENT_TEAM = 9CXPD89H8W;
				ENABLE_PREVIEWS = YES;
				GENERATE_INFOPLIST_FILE = YES;
				INFOPLIST_KEY_UIApplicationSceneManifest_Generation = YES;
				INFOPLIST_KEY_UIApplicationSupportsIndirectInputEvents = YES;
				INFOPLIST_KEY_UILaunchScreen_Generation = YES;
				INFOPLIST_KEY_UISupportedInterfaceOrientations_iPad = "UIInterfaceOrientationPortrait UIInterfaceOrientationPortraitUpsideDown UIInterfaceOrientationLandscapeLeft UIInterfaceOrientationLandscapeRight";
				INFOPLIST_KEY_UISupportedInterfaceOrientations_iPhone = "UIInterfaceOrientationPortrait UIInterfaceOrientationLandscapeLeft UIInterfaceOrientationLandscapeRight";
				LD_RUNPATH_SEARCH_PATHS = (
					"$(inherited)",
					"@executable_path/Frameworks",
				);
				MARKETING_VERSION = 1.0;
				PRODUCT_BUNDLE_IDENTIFIER = com.orangeone.BudgetingCalculator;
				PRODUCT_NAME = "$(TARGET_NAME)";
				SWIFT_EMIT_LOC_STRINGS = YES;
				SWIFT_VERSION = 5.0;
				TARGETED_DEVICE_FAMILY = "1,2";
			};
			name = Release;
		};
/* End XCBuildConfiguration section */

/* Begin XCConfigurationList section */
		71507E1D2C3E1657003D043C /* Build configuration list for PBXProject "BudgetingCalculator" */ = {
			isa = XCConfigurationList;
			buildConfigurations = (
				71507E2E2C3E1659003D043C /* Debug */,
				71507E2F2C3E1659003D043C /* Release */,
			);
			defaultConfigurationIsVisible = 0;
			defaultConfigurationName = Release;
		};
		71507E302C3E1659003D043C /* Build configuration list for PBXNativeTarget "BudgetingCalculator" */ = {
			isa = XCConfigurationList;
			buildConfigurations = (
				71507E312C3E1659003D043C /* Debug */,
				71507E322C3E1659003D043C /* Release */,
			);
			defaultConfigurationIsVisible = 0;
			defaultConfigurationName = Release;
		};
/* End XCConfigurationList section */
	};
	rootObject = 71507E1A2C3E1657003D043C /* Project object */;
}
